{
  "name": "starter-code",
  "version": "1.0.0",
  "lockfileVersion": 1,
  "requires": true,
  "dependencies": {
    "ansi-styles": {
      "version": "2.2.1",
      "resolved": "https://registry.npmjs.org/ansi-styles/-/ansi-styles-2.2.1.tgz",
      "integrity": "sha1-tDLdM1i2NM914eRmQ2gkBTPB3b4="
    },
    "async": {
      "version": "1.3.0",
      "resolved": "https://registry.npmjs.org/async/-/async-1.3.0.tgz",
      "integrity": "sha1-pvFjHopZWmY0ltClWGvRIAfUhx0="
    },
    "bson": {
      "version": "1.0.4",
      "resolved": "https://registry.npmjs.org/bson/-/bson-1.0.4.tgz",
      "integrity": "sha1-k8ENOeqltYQVy8QFLz5T5WKwtyw="
    },
    "buffer-shims": {
      "version": "1.0.0",
      "resolved": "https://registry.npmjs.org/buffer-shims/-/buffer-shims-1.0.0.tgz",
      "integrity": "sha1-mXjOMXOIxkmth5MCjDR37wRKi1E="
    },
    "clear": {
      "version": "0.0.1",
      "resolved": "https://registry.npmjs.org/clear/-/clear-0.0.1.tgz",
      "integrity": "sha1-5RhuIp2ZRIF5wTAxG2+dML/2sLo="
    },
    "clor": {
      "version": "0.2.1",
      "resolved": "https://registry.npmjs.org/clor/-/clor-0.2.1.tgz",
      "integrity": "sha1-eWo4u+i6WDb4+3XNtEoImZFNnSs=",
      "requires": {
        "ansi-styles": "2.2.1"
      }
    },
    "commander": {
      "version": "2.3.0",
      "resolved": "https://registry.npmjs.org/commander/-/commander-2.3.0.tgz",
      "integrity": "sha1-/UMOiJgy7DU7ms0d4hfBHLPu+HM="
    },
    "core-util-is": {
      "version": "1.0.2",
      "resolved": "https://registry.npmjs.org/core-util-is/-/core-util-is-1.0.2.tgz",
      "integrity": "sha1-tf1UIgqivFq1eqtxQMlAdUUDwac="
    },
    "debug": {
      "version": "2.0.0",
      "resolved": "https://registry.npmjs.org/debug/-/debug-2.0.0.tgz",
      "integrity": "sha1-ib2d9nMrUSVrxnBTQrugLtEhMe8=",
      "requires": {
        "ms": "0.6.2"
      }
    },
    "diff": {
      "version": "1.4.0",
      "resolved": "https://registry.npmjs.org/diff/-/diff-1.4.0.tgz",
      "integrity": "sha1-fyjS657nsVqX79ic5j3P2qPMur8="
    },
    "es6-promise": {
      "version": "3.2.1",
      "resolved": "https://registry.npmjs.org/es6-promise/-/es6-promise-3.2.1.tgz",
      "integrity": "sha1-7FYjOGgDKQkgcXDDlEjiREndH8Q="
    },
    "escape-string-regexp": {
      "version": "1.0.2",
      "resolved": "https://registry.npmjs.org/escape-string-regexp/-/escape-string-regexp-1.0.2.tgz",
      "integrity": "sha1-Tbwv5nTnGUnK8/smlc5/LcHZqNE="
    },
    "fill-keys": {
      "version": "1.0.2",
      "resolved": "https://registry.npmjs.org/fill-keys/-/fill-keys-1.0.2.tgz",
      "integrity": "sha1-mo+jb06K1jTjv2tPPIiCVRRS6yA=",
      "requires": {
        "is-object": "1.0.1",
        "merge-descriptors": "1.0.1"
      }
    },
    "formatio": {
      "version": "1.1.1",
      "resolved": "https://registry.npmjs.org/formatio/-/formatio-1.1.1.tgz",
      "integrity": "sha1-XtPM1jZVEJc4NGXZlhmRAOhhYek=",
      "requires": {
        "samsam": "1.1.2"
      }
    },
    "glob": {
      "version": "3.2.3",
      "resolved": "https://registry.npmjs.org/glob/-/glob-3.2.3.tgz",
      "integrity": "sha1-4xPusknHr/qlxHUoaw4RW1mDlGc=",
      "requires": {
        "graceful-fs": "2.0.3",
        "inherits": "2.0.3",
        "minimatch": "0.2.14"
      }
    },
    "graceful-fs": {
      "version": "2.0.3",
      "resolved": "https://registry.npmjs.org/graceful-fs/-/graceful-fs-2.0.3.tgz",
      "integrity": "sha1-fNLNsiiko/Nule+mzBQt59GhNtA="
    },
    "growl": {
      "version": "1.8.1",
      "resolved": "https://registry.npmjs.org/growl/-/growl-1.8.1.tgz",
      "integrity": "sha1-Sy3sjZB+k9szZiTc7AGDUC+MlCg="
    },
    "inherits": {
      "version": "2.0.3",
      "resolved": "https://registry.npmjs.org/inherits/-/inherits-2.0.3.tgz",
      "integrity": "sha1-Yzwsg+PaQqUC9SRmAiSA9CCCYd4="
    },
    "is-object": {
      "version": "1.0.1",
      "resolved": "https://registry.npmjs.org/is-object/-/is-object-1.0.1.tgz",
      "integrity": "sha1-iVJojF7C/9awPsyF52ngKQMINHA="
    },
    "isarray": {
      "version": "1.0.0",
      "resolved": "https://registry.npmjs.org/isarray/-/isarray-1.0.0.tgz",
      "integrity": "sha1-u5NdSFgsuhaMBoNJV6VKPgcSTxE="
    },
    "jade": {
      "version": "0.26.3",
      "resolved": "https://registry.npmjs.org/jade/-/jade-0.26.3.tgz",
      "integrity": "sha1-jxDXl32NefL2/4YqgbBRPMslaGw=",
      "requires": {
        "commander": "0.6.1",
        "mkdirp": "0.3.0"
      },
      "dependencies": {
        "commander": {
          "version": "0.6.1",
          "resolved": "https://registry.npmjs.org/commander/-/commander-0.6.1.tgz",
          "integrity": "sha1-+mihT2qUXVTbvlDYzbMyDp47GgY="
        },
        "mkdirp": {
          "version": "0.3.0",
          "resolved": "https://registry.npmjs.org/mkdirp/-/mkdirp-0.3.0.tgz",
          "integrity": "sha1-G79asbqCevI1dRQ0kEJkVfSB/h4="
        }
      }
    },
    "lolex": {
      "version": "1.1.0",
      "resolved": "https://registry.npmjs.org/lolex/-/lolex-1.1.0.tgz",
      "integrity": "sha1-Xbu8hQOV51I8dLNYb3+9JibSWxs="
    },
    "lru-cache": {
      "version": "2.7.3",
      "resolved": "https://registry.npmjs.org/lru-cache/-/lru-cache-2.7.3.tgz",
      "integrity": "sha1-bUUk6LlV+V1PW1iFHOId1y+06VI="
    },
    "merge-descriptors": {
      "version": "1.0.1",
      "resolved": "https://registry.npmjs.org/merge-descriptors/-/merge-descriptors-1.0.1.tgz",
      "integrity": "sha1-sAqqVW3YtEVoFQ7J0blT8/kMu2E="
    },
    "minimatch": {
      "version": "0.2.14",
      "resolved": "https://registry.npmjs.org/minimatch/-/minimatch-0.2.14.tgz",
      "integrity": "sha1-x054BXT2PG+aCQ6Q775u9TpqdWo=",
      "requires": {
        "lru-cache": "2.7.3",
        "sigmund": "1.0.1"
      }
    },
    "minimist": {
      "version": "0.0.8",
      "resolved": "https://registry.npmjs.org/minimist/-/minimist-0.0.8.tgz",
      "integrity": "sha1-hX/Kv8M5fSYluCKCYuhqp6ARsF0="
    },
    "mkdirp": {
      "version": "0.5.0",
      "resolved": "https://registry.npmjs.org/mkdirp/-/mkdirp-0.5.0.tgz",
      "integrity": "sha1-HXMHam35hs2TROFecfzAWkyavxI=",
      "requires": {
        "minimist": "0.0.8"
      }
    },
    "mocha": {
      "version": "2.2.5",
      "resolved": "https://registry.npmjs.org/mocha/-/mocha-2.2.5.tgz",
      "integrity": "sha1-07cqT+SeyUOTU/GsiT28Qw2ZMUA=",
      "requires": {
        "commander": "2.3.0",
        "debug": "2.0.0",
        "diff": "1.4.0",
        "escape-string-regexp": "1.0.2",
        "glob": "3.2.3",
        "growl": "1.8.1",
        "jade": "0.26.3",
        "mkdirp": "0.5.0",
        "supports-color": "1.2.1"
      }
    },
    "module-not-found-error": {
      "version": "1.0.1",
      "resolved": "https://registry.npmjs.org/module-not-found-error/-/module-not-found-error-1.0.1.tgz",
      "integrity": "sha1-z4tP9PKWQGdNbN0CsOO8UjwrvcA="
    },
    "mongo-aggregation-debugger": {
      "version": "1.0.4",
      "resolved": "https://registry.npmjs.org/mongo-aggregation-debugger/-/mongo-aggregation-debugger-1.0.4.tgz",
      "integrity": "sha1-DzTMnS9qt/goQ2CLyxx8erFAXBw=",
      "requires": {
        "async": "1.3.0",
        "clor": "0.2.1",
        "mocha": "2.2.5",
        "mongodb": "2.0.55",
        "proxyquire": "1.6.0",
        "sinon": "1.15.4",
        "underscore": "1.8.3"
      },
      "dependencies": {
        "bson": {
          "version": "0.4.23",
          "resolved": "https://registry.npmjs.org/bson/-/bson-0.4.23.tgz",
          "integrity": "sha1-5louPHUH/63kEJvHV1p25Q+NqRU="
        },
        "es6-promise": {
          "version": "2.1.1",
          "resolved": "https://registry.npmjs.org/es6-promise/-/es6-promise-2.1.1.tgz",
          "integrity": "sha1-A+jzxyl5KOVHjWqx0GQyUVB73t0="
        },
        "isarray": {
          "version": "0.0.1",
          "resolved": "https://registry.npmjs.org/isarray/-/isarray-0.0.1.tgz",
          "integrity": "sha1-ihis/Kmo9Bd+Cav8YDiTmwXR7t8="
        },
        "mongodb": {
          "version": "2.0.55",
          "resolved": "https://registry.npmjs.org/mongodb/-/mongodb-2.0.55.tgz",
          "integrity": "sha1-oJ3Xcln2u6affdWSoBHBGqV2EJc=",
          "requires": {
            "es6-promise": "2.1.1",
            "mongodb-core": "1.2.31",
            "readable-stream": "1.0.31"
          }
        },
        "mongodb-core": {
          "version": "1.2.31",
          "resolved": "https://registry.npmjs.org/mongodb-core/-/mongodb-core-1.2.31.tgz",
          "integrity": "sha1-8eZAXwPUCEb9uDinAlB6/6PLLDk=",
          "requires": {
            "bson": "0.4.23"
          }
        },
        "readable-stream": {
          "version": "1.0.31",
          "resolved": "https://registry.npmjs.org/readable-stream/-/readable-stream-1.0.31.tgz",
          "integrity": "sha1-jyUC4LyeOw2huUUgqrtOJgPsr64=",
          "requires": {
            "core-util-is": "1.0.2",
            "inherits": "2.0.3",
            "isarray": "0.0.1",
            "string_decoder": "0.10.31"
          }
        },
        "string_decoder": {
          "version": "0.10.31",
          "resolved": "https://registry.npmjs.org/string_decoder/-/string_decoder-0.10.31.tgz",
          "integrity": "sha1-YuIDvEF2bGwoyfyEMB2rHFMQ+pQ="
        }
      }
    },
    "mongodb": {
      "version": "2.2.33",
      "resolved": "https://registry.npmjs.org/mongodb/-/mongodb-2.2.33.tgz",
      "integrity": "sha1-tTfEcdNKZlG0jzb9vyl1A0Dgi1A=",
      "requires": {
        "es6-promise": "3.2.1",
        "mongodb-core": "2.1.17",
        "readable-stream": "2.2.7"
      }
    },
    "mongodb-core": {
      "version": "2.1.17",
      "resolved": "https://registry.npmjs.org/mongodb-core/-/mongodb-core-2.1.17.tgz",
      "integrity": "sha1-pBizN6FKFJkPtRC5I97mqBMXPfg=",
      "requires": {
        "bson": "1.0.4",
        "require_optional": "1.0.1"
      }
    },
    "ms": {
      "version": "0.6.2",
      "resolved": "https://registry.npmjs.org/ms/-/ms-0.6.2.tgz",
      "integrity": "sha1-2JwhJMb9wTU9Zai3e/GqxLGTcIw="
    },
    "process-nextick-args": {
      "version": "1.0.7",
      "resolved": "https://registry.npmjs.org/process-nextick-args/-/process-nextick-args-1.0.7.tgz",
      "integrity": "sha1-FQ4gt1ZZCtP5EJPyWk8q2L/zC6M="
    },
    "proxyquire": {
      "version": "1.6.0",
      "resolved": "https://registry.npmjs.org/proxyquire/-/proxyquire-1.6.0.tgz",
      "integrity": "sha1-vGQtrjKy6U33SNXkgavYFuay06o=",
      "requires": {
        "fill-keys": "1.0.2",
        "module-not-found-error": "1.0.1"
      }
    },
    "readable-stream": {
      "version": "2.2.7",
      "resolved": "https://registry.npmjs.org/readable-stream/-/readable-stream-2.2.7.tgz",
      "integrity": "sha1-BwV6y+JGeyIELTb5jFrVBwVOlbE=",
      "requires": {
        "buffer-shims": "1.0.0",
        "core-util-is": "1.0.2",
        "inherits": "2.0.3",
        "isarray": "1.0.0",
        "process-nextick-args": "1.0.7",
        "string_decoder": "1.0.3",
        "util-deprecate": "1.0.2"
      }
    },
    "readline": {
      "version": "1.3.0",
      "resolved": "https://registry.npmjs.org/readline/-/readline-1.3.0.tgz",
      "integrity": "sha1-xYDXfvLPyHUrEySYBg3JeTp6wBw="
    },
    "require_optional": {
      "version": "1.0.1",
      "resolved": "https://registry.npmjs.org/require_optional/-/require_optional-1.0.1.tgz",
      "integrity": "sha512-qhM/y57enGWHAe3v/NcwML6a3/vfESLe/sGM2dII+gEO0BpKRUkWZow/tyloNqJyN6kXSl3RyyM8Ll5D/sJP8g==",
      "requires": {
        "resolve-from": "2.0.0",
        "semver": "5.4.1"
      }
    },
    "resolve-from": {
      "version": "2.0.0",
      "resolved": "https://registry.npmjs.org/resolve-from/-/resolve-from-2.0.0.tgz",
      "integrity": "sha1-lICrIOlP+h2egKgEx+oUdhGWa1c="
    },
    "safe-buffer": {
      "version": "5.1.1",
      "resolved": "https://registry.npmjs.org/safe-buffer/-/safe-buffer-5.1.1.tgz",
      "integrity": "sha512-kKvNJn6Mm93gAczWVJg7wH+wGYWNrDHdWvpUmHyEsgCtIwwo3bqPtV4tR5tuPaUhTOo/kvhVwd8XwwOllGYkbg=="
    },
    "samsam": {
      "version": "1.1.2",
      "resolved": "https://registry.npmjs.org/samsam/-/samsam-1.1.2.tgz",
      "integrity": "sha1-vsEf3IOp/aBjQBIQ5AF2wwJNFWc="
    },
    "semver": {
      "version": "5.4.1",
      "resolved": "https://registry.npmjs.org/semver/-/semver-5.4.1.tgz",
      "integrity": "sha512-WfG/X9+oATh81XtllIo/I8gOiY9EXRdv1cQdyykeXK17YcUW3EXUAi2To4pcH6nZtJPr7ZOpM5OMyWJZm+8Rsg=="
    },
    "sigmund": {
      "version": "1.0.1",
      "resolved": "https://registry.npmjs.org/sigmund/-/sigmund-1.0.1.tgz",
      "integrity": "sha1-P/IfGYytIXX587eBhT/ZTQ0ZtZA="
    },
    "sinon": {
      "version": "1.15.4",
      "resolved": "https://registry.npmjs.org/sinon/-/sinon-1.15.4.tgz",
      "integrity": "sha1-AxXxdM5bMXkq6i46Kvxbt4BMemo=",
      "requires": {
        "formatio": "1.1.1",
        "lolex": "1.1.0",
        "samsam": "1.1.2",
        "util": "0.10.3"
      }
    },
    "string_decoder": {
      "version": "1.0.3",
      "resolved": "https://registry.npmjs.org/string_decoder/-/string_decoder-1.0.3.tgz",
      "integrity": "sha512-4AH6Z5fzNNBcH+6XDMfA/BTt87skxqJlO0lAh3Dker5zThcAxG6mKz+iGu308UKoPPQ8Dcqx/4JhujzltRa+hQ==",
      "requires": {
        "safe-buffer": "5.1.1"
      }
    },
    "supports-color": {
      "version": "1.2.1",
      "resolved": "https://registry.npmjs.org/supports-color/-/supports-color-1.2.1.tgz",
      "integrity": "sha1-Eu4hUHCGzZjBBY2ewPSsR2t687I="
    },
    "underscore": {
      "version": "1.8.3",
      "resolved": "https://registry.npmjs.org/underscore/-/underscore-1.8.3.tgz",
      "integrity": "sha1-Tz+1OxBuYJf8+ctBCfKl6b36UCI="
    },
    "util": {
      "version": "0.10.3",
      "resolved": "https://registry.npmjs.org/util/-/util-0.10.3.tgz",
      "integrity": "sha1-evsa/lCAUkZInj23/g7TeTNqwPk=",
      "requires": {
        "inherits": "2.0.1"
      },
      "dependencies": {
        "inherits": {
          "version": "2.0.1",
          "resolved": "https://registry.npmjs.org/inherits/-/inherits-2.0.1.tgz",
          "integrity": "sha1-sX0I0ya0Qj5Wjv9xn5GwscvfafE="
        }
      }
    },
    "util-deprecate": {
      "version": "1.0.2",
      "resolved": "https://registry.npmjs.org/util-deprecate/-/util-deprecate-1.0.2.tgz",
      "integrity": "sha1-RQ1Nyfpw3nMnYvvS1KKJgUGaDM8="
    }
  }
}
